
Microsoft Visual Studio Solution File, Format Version 12.00
# Visual Studio Version 17
VisualStudioVersion = 17.14.36518.9
MinimumVisualStudioVersion = 10.0.40219.1
Project("{FAE04EC0-301F-11D3-BF4B-00C04F79EFBC}") = "sistema_de_inventario_y_ventas", "sistema_de_inventario_y_ventas\sistema_de_inventario_y_ventas.csproj", "{F93E4B99-B9DC-4EA7-905E-4211273B883E}"
EndProject
Global
	GlobalSection(SolutionConfigurationPlatforms) = preSolution
		Debug|Any CPU = Debug|Any CPU
		Release|Any CPU = Release|Any CPU
	EndGlobalSection
	GlobalSection(ProjectConfigurationPlatforms) = postSolution
		{F93E4B99-B9DC-4EA7-905E-4211273B883E}.Debug|Any CPU.ActiveCfg = Debug|Any CPU
		{F93E4B99-B9DC-4EA7-905E-4211273B883E}.Debug|Any CPU.Build.0 = Debug|Any CPU
		{F93E4B99-B9DC-4EA7-905E-4211273B883E}.Release|Any CPU.ActiveCfg = Release|Any CPU
		{F93E4B99-B9DC-4EA7-905E-4211273B883E}.Release|Any CPU.Build.0 = Release|Any CPU
	EndGlobalSection
	GlobalSection(SolutionProperties) = preSolution
		HideSolutionNode = FALSE
	EndGlobalSection
	GlobalSection(ExtensibilityGlobals) = postSolution
		SolutionGuid = {1148B6B8-8866-4E6E-8C55-46947C6A707A}
	EndGlobalSection
EndGlobal
